
Microsoft Visual Studio Solution File, Format Version 12.00
# Visual Studio Version 17
VisualStudioVersion = 17.11.35219.272
MinimumVisualStudioVersion = 10.0.40219.1
Project("{FAE04EC0-301F-11D3-BF4B-00C04F79EFBC}") = "0905", "0905\0905.csproj", "{9C463D73-E3A3-4C2C-8CEA-0C2041D1A4D4}"
EndProject
Global
	GlobalSection(SolutionConfigurationPlatforms) = preSolution
		Debug|Any CPU = Debug|Any CPU
		Release|Any CPU = Release|Any CPU
	EndGlobalSection
	GlobalSection(ProjectConfigurationPlatforms) = postSolution
		{9C463D73-E3A3-4C2C-8CEA-0C2041D1A4D4}.Debug|Any CPU.ActiveCfg = Debug|Any CPU
		{9C463D73-E3A3-4C2C-8CEA-0C2041D1A4D4}.Debug|Any CPU.Build.0 = Debug|Any CPU
		{9C463D73-E3A3-4C2C-8CEA-0C2041D1A4D4}.Release|Any CPU.ActiveCfg = Release|Any CPU
		{9C463D73-E3A3-4C2C-8CEA-0C2041D1A4D4}.Release|Any CPU.Build.0 = Release|Any CPU
	EndGlobalSection
	GlobalSection(SolutionProperties) = preSolution
		HideSolutionNode = FALSE
	EndGlobalSection
	GlobalSection(ExtensibilityGlobals) = postSolution
		SolutionGuid = {9F35B958-E15B-4AF0-A8A0-152BA919E4BA}
	EndGlobalSection
EndGlobal
